<?xml version="1.0" encoding="utf-8"?>
<Project ToolsVersion="4.0" xmlns="http://schemas.microsoft.com/developer/msbuild/2003">
  <ItemGroup>
    <Filter Include="Source Files">
      <UniqueIdentifier>{4FC737F1-C7A5-4376-A066-2A32D752A2FF}</UniqueIdentifier>
      <Extensions>cpp;c;cc;cxx;c++;cppm;ixx;def;odl;idl;hpj;bat;asm;asmx</Extensions>
    </Filter>
    <Filter Include="Header Files">
      <UniqueIdentifier>{93995380-89BD-4b04-88EB-625FBE52EBFB}</UniqueIdentifier>
      <Extensions>h;hh;hpp;hxx;h++;hm;inl;inc;ipp;xsd</Extensions>
    </Filter>
    <Filter Include="Resource Files">
      <UniqueIdentifier>{67DA6AB6-F800-4c08-8B7A-83BB121AAD01}</UniqueIdentifier>
      <Extensions>rc;ico;cur;bmp;dlg;rc2;rct;bin;rgs;gif;jpg;jpeg;jpe;resx;tiff;tif;png;wav;mfcribbon-ms</Extensions>
    </Filter>
    <Filter Include="Source Files\1.intro">
      <UniqueIdentifier>{6ee683a6-2d13-44a5-a63a-b3688537d265}</UniqueIdentifier>
    </Filter>
    <Filter Include="Source Files\1.intro\1.Hello">
      <UniqueIdentifier>{6d28565f-0897-4107-bda9-33c3bf3a7874}</UniqueIdentifier>
    </Filter>
    <Filter Include="Source Files\1.intro\1.Hello\1.1.hello_window">
      <UniqueIdentifier>{7bd26ecd-4b11-4b36-bd78-00c9d11996b2}</UniqueIdentifier>
    </Filter>
    <Filter Include="Source Files\1.intro\3.Shader">
      <UniqueIdentifier>{690a31d5-35a4-4e9f-b1bf-26b8b399518a}</UniqueIdentifier>
    </Filter>
    <Filter Include="Source Files\1.intro\3.Shader\3.3.Shader_class">
      <UniqueIdentifier>{70aa2855-af6e-4d7c-b993-5b50acd11a37}</UniqueIdentifier>
    </Filter>
    <Filter Include="Source Files\1.intro\3.Shader\3.4.Shader_exercise">
      <UniqueIdentifier>{0edb3a67-6cbd-4b78-bd7a-962128ff9656}</UniqueIdentifier>
    </Filter>
    <Filter Include="Source Files\1.intro\1.Hello\1.2.hello_window_clear">
      <UniqueIdentifier>{fe264ce2-3db7-433f-92cb-ce64e384e05c}</UniqueIdentifier>
    </Filter>
    <Filter Include="Source Files\1.intro\3.Shader\3.1.shaders_uniform">
      <UniqueIdentifier>{664be704-00ff-4e61-ba7c-dfbb14435390}</UniqueIdentifier>
    </Filter>
    <Filter Include="Source Files\1.intro\3.Shader\3.2.shaders_interpolation">
      <UniqueIdentifier>{8807fa2d-db13-4e8b-9443-d85c3ea41a9a}</UniqueIdentifier>
    </Filter>
    <Filter Include="Source Files\1.intro\2.Triangle">
      <UniqueIdentifier>{44a2c2a6-fa4a-4552-995a-35ba1c95f403}</UniqueIdentifier>
    </Filter>
    <Filter Include="Source Files\1.intro\2.Triangle\2.1.hello_triangle">
      <UniqueIdentifier>{46a6f51a-5a5f-4d54-af08-5b0ea93e0def}</UniqueIdentifier>
    </Filter>
    <Filter Include="Source Files\1.intro\2.Triangle\2.2.hello_triangle_indexed">
      <UniqueIdentifier>{5edc757d-d08e-40d0-aa32-ee61ef6a4c84}</UniqueIdentifier>
    </Filter>
    <Filter Include="Source Files\1.intro\2.Triangle\2.3.exercise">
      <UniqueIdentifier>{c97b7150-4cd9-4375-8a40-92d2b57e7a9f}</UniqueIdentifier>
    </Filter>
    <Filter Include="Source Files\1.intro\4.Texture">
      <UniqueIdentifier>{ae13e6fc-addb-4afd-8b83-e4e57fae96a1}</UniqueIdentifier>
    </Filter>
    <Filter Include="Source Files\1.intro\4.Texture\4.1.textrue">
      <UniqueIdentifier>{dec2cd93-c7a4-46c5-8c9e-0d2a6a1b037d}</UniqueIdentifier>
    </Filter>
    <Filter Include="Source Files\1.intro\5.Matrix">
      <UniqueIdentifier>{b20e2391-e1a0-4152-b941-71b6c0201f07}</UniqueIdentifier>
    </Filter>
    <Filter Include="Source Files\1.intro\6.Coordinates">
      <UniqueIdentifier>{964a14c7-8b66-452b-b05e-8abcb2de3584}</UniqueIdentifier>
    </Filter>
    <Filter Include="Source Files\1.intro\7.Camera">
      <UniqueIdentifier>{2df1c6aa-207b-4044-a722-0a9a8e54e10a}</UniqueIdentifier>
    </Filter>
    <Filter Include="Source Files\2.light">
      <UniqueIdentifier>{5c2ccc79-b70c-4988-b87d-dc0a1f519550}</UniqueIdentifier>
    </Filter>
    <Filter Include="Source Files\2.light\1.color">
      <UniqueIdentifier>{513182a9-6d56-4fa0-8ec8-86409c2fe154}</UniqueIdentifier>
    </Filter>
    <Filter Include="Source Files\2.light\2.basiclight">
      <UniqueIdentifier>{9622f50b-c4d7-4c38-b86a-3ec14ed8f4f6}</UniqueIdentifier>
    </Filter>
    <Filter Include="Source Files\2.light\3.materials">
      <UniqueIdentifier>{6127ab82-6c61-4e72-a5a3-52f0c3718491}</UniqueIdentifier>
    </Filter>
    <Filter Include="Source Files\2.light\4.lightingmap">
      <UniqueIdentifier>{0e133e87-1b81-47be-8dd0-805d43ca2b2c}</UniqueIdentifier>
    </Filter>
    <Filter Include="Source Files\2.light\5.lightcasters">
      <UniqueIdentifier>{67191ef4-75ef-4cfe-a995-e1f1290f1db5}</UniqueIdentifier>
    </Filter>
    <Filter Include="Source Files\2.light\6.lights">
      <UniqueIdentifier>{c380a739-2bed-49b7-90e9-8e07164da915}</UniqueIdentifier>
    </Filter>
    <Filter Include="Source Files\3.model">
      <UniqueIdentifier>{6686e24e-da1c-4d34-a6bb-0f435c6f64b8}</UniqueIdentifier>
    </Filter>
    <Filter Include="Source Files\4.advanced">
      <UniqueIdentifier>{4c06837b-a629-43bc-96d1-1a5a74a839ba}</UniqueIdentifier>
    </Filter>
    <Filter Include="Source Files\4.advanced\4.1Depth testing">
      <UniqueIdentifier>{d1dd4473-5fa1-4995-bcd8-af1e2fadce67}</UniqueIdentifier>
    </Filter>
    <Filter Include="Source Files\4.advanced\4.2Stencil testing">
      <UniqueIdentifier>{27066ed0-1da3-498c-8946-1d1cb4c51f2a}</UniqueIdentifier>
    </Filter>
    <Filter Include="Source Files\4.advanced\4.3Blending">
      <UniqueIdentifier>{f68dac79-84e3-4f6b-ac54-5caab9be9f61}</UniqueIdentifier>
    </Filter>
    <Filter Include="Source Files\4.advanced\4.4FaceCulling">
      <UniqueIdentifier>{43f6fb6d-b07c-4e0a-8d1b-1b7950b26177}</UniqueIdentifier>
    </Filter>
    <Filter Include="Source Files\4.advanced\4.5Framebuffers">
      <UniqueIdentifier>{d3af171b-821e-4686-8daf-e8cf9c8474c5}</UniqueIdentifier>
    </Filter>
    <Filter Include="Source Files\4.advanced\4.6Cubemap">
      <UniqueIdentifier>{24ac508f-a454-4c9f-b11f-c33e5a977624}</UniqueIdentifier>
    </Filter>
    <Filter Include="Source Files\4.advanced\4.8AdvancedGLSL">
      <UniqueIdentifier>{93ae78ec-f93b-4b15-bf1c-de9e68b1f7f7}</UniqueIdentifier>
    </Filter>
    <Filter Include="Source Files\4.advanced\4.9Geometryshader">
      <UniqueIdentifier>{f0cc105e-46e5-48ae-b445-e95f1435e3c7}</UniqueIdentifier>
    </Filter>
  </ItemGroup>
  <ItemGroup>
    <ClCompile Include="glad.c">
      <Filter>Source Files</Filter>
    </ClCompile>
    <ClCompile Include="shader_class.cpp">
      <Filter>Source Files\1.intro\3.Shader\3.3.Shader_class</Filter>
    </ClCompile>
    <ClCompile Include="shader_excercise.cpp">
      <Filter>Source Files\1.intro\3.Shader\3.4.Shader_exercise</Filter>
    </ClCompile>
    <ClCompile Include="..\..\opengl-example\LearnOpenGL\src\1.getting_started\1.1.hello_window\hello_window.cpp">
      <Filter>Source Files\1.intro\1.Hello\1.1.hello_window</Filter>
    </ClCompile>
    <ClCompile Include="..\..\opengl-example\LearnOpenGL\src\1.getting_started\1.2.hello_window_clear\hello_window_clear.cpp">
      <Filter>Source Files\1.intro\1.Hello\1.2.hello_window_clear</Filter>
    </ClCompile>
    <ClCompile Include="..\..\opengl-example\LearnOpenGL\src\1.getting_started\2.1.hello_triangle\hello_triangle.cpp">
      <Filter>Source Files\1.intro\2.Triangle\2.1.hello_triangle</Filter>
    </ClCompile>
    <ClCompile Include="..\..\opengl-example\LearnOpenGL\src\1.getting_started\2.2.hello_triangle_indexed\hello_triangle_indexed.cpp">
      <Filter>Source Files\1.intro\2.Triangle\2.2.hello_triangle_indexed</Filter>
    </ClCompile>
    <ClCompile Include="..\..\opengl-example\LearnOpenGL\src\1.getting_started\2.3.hello_triangle_exercise1\hello_triangle_exercise1.cpp">
      <Filter>Source Files\1.intro\2.Triangle\2.3.exercise</Filter>
    </ClCompile>
    <ClCompile Include="..\..\opengl-example\LearnOpenGL\src\1.getting_started\2.4.hello_triangle_exercise2\hello_triangle_exercise2.cpp">
      <Filter>Source Files\1.intro\2.Triangle\2.3.exercise</Filter>
    </ClCompile>
    <ClCompile Include="..\..\opengl-example\LearnOpenGL\src\1.getting_started\2.5.hello_triangle_exercise3\hello_triangle_exercise3.cpp">
      <Filter>Source Files\1.intro\2.Triangle\2.3.exercise</Filter>
    </ClCompile>
    <ClCompile Include="..\..\opengl-example\LearnOpenGL\src\1.getting_started\3.1.shaders_uniform\shaders_uniform.cpp">
      <Filter>Source Files\1.intro\3.Shader\3.1.shaders_uniform</Filter>
    </ClCompile>
    <ClCompile Include="..\..\opengl-example\LearnOpenGL\src\1.getting_started\3.2.shaders_interpolation\shaders_interpolation.cpp">
      <Filter>Source Files\1.intro\3.Shader\3.2.shaders_interpolation</Filter>
    </ClCompile>
    <ClCompile Include="texture.cpp">
      <Filter>Source Files\1.intro\4.Texture\4.1.textrue</Filter>
    </ClCompile>
    <ClCompile Include="5.1.Matrix.cpp">
      <Filter>Source Files\1.intro\5.Matrix</Filter>
    </ClCompile>
    <ClCompile Include="6.Coordinate.cpp">
      <Filter>Source Files\1.intro\6.Coordinates</Filter>
    </ClCompile>
    <ClCompile Include="7.camera.cpp">
      <Filter>Source Files\1.intro\7.Camera</Filter>
    </ClCompile>
    <ClCompile Include="1.1color.cpp">
      <Filter>Source Files\2.light\1.color</Filter>
    </ClCompile>
    <ClCompile Include="2.1basiclighting.cpp">
      <Filter>Source Files\2.light\2.basiclight</Filter>
    </ClCompile>
    <ClCompile Include="2.3.materials.cpp">
      <Filter>Source Files\2.light\3.materials</Filter>
    </ClCompile>
    <ClCompile Include="2.4.lightingmap.cpp">
      <Filter>Source Files\2.light\4.lightingmap</Filter>
    </ClCompile>
    <ClCompile Include="2.5.lightingmap.cpp">
      <Filter>Source Files\2.light\5.lightcasters</Filter>
    </ClCompile>
    <ClCompile Include="2.6.lights.cpp">
      <Filter>Source Files\2.light\6.lights</Filter>
    </ClCompile>
    <ClCompile Include="3.1.model.cpp">
      <Filter>Source Files\3.model</Filter>
    </ClCompile>
    <ClCompile Include="4.1depthTesting.cpp">
      <Filter>Source Files\4.advanced\4.1Depth testing</Filter>
    </ClCompile>
    <ClCompile Include="4.2stencil.cpp">
      <Filter>Source Files\4.advanced\4.2Stencil testing</Filter>
    </ClCompile>
    <ClCompile Include="4.3stenci.cpp">
      <Filter>Source Files\4.advanced\4.3Blending</Filter>
    </ClCompile>
    <ClCompile Include="4.4culling.cpp">
      <Filter>Source Files\4.advanced\4.4FaceCulling</Filter>
    </ClCompile>
    <ClCompile Include="4.5framebuffer.cpp">
      <Filter>Source Files\4.advanced\4.5Framebuffers</Filter>
    </ClCompile>
    <ClCompile Include="4.6cubemap.cpp">
      <Filter>Source Files\4.advanced\4.6Cubemap</Filter>
    </ClCompile>
    <ClCompile Include="4.8AdvancedGLSL.cpp">
      <Filter>Source Files\4.advanced\4.8AdvancedGLSL</Filter>
    </ClCompile>
    <ClCompile Include="4.8Geometryshader.cpp">
      <Filter>Source Files\4.advanced\4.9Geometryshader</Filter>
    </ClCompile>
  </ItemGroup>
  <ItemGroup>
    <ClInclude Include="shader.h">
      <Filter>Header Files</Filter>
    </ClInclude>
    <ClInclude Include="stb_image.h">
      <Filter>Header Files</Filter>
    </ClInclude>
    <ClInclude Include="camera.h">
      <Filter>Header Files</Filter>
    </ClInclude>
    <ClInclude Include="mesh.h">
      <Filter>Header Files</Filter>
    </ClInclude>
    <ClInclude Include="model.h">
      <Filter>Header Files</Filter>
    </ClInclude>
  </ItemGroup>
  <ItemGroup>
    <None Include="3.3fragment.fs">
      <Filter>Source Files\1.intro\3.Shader\3.3.Shader_class</Filter>
    </None>
    <None Include="3.3vertex.vs">
      <Filter>Source Files\1.intro\3.Shader\3.3.Shader_class</Filter>
    </None>
    <None Include="3.4.fragment.fs">
      <Filter>Source Files\1.intro\3.Shader\3.4.Shader_exercise</Filter>
    </None>
    <None Include="3.4.vertex.vs">
      <Filter>Source Files\1.intro\3.Shader\3.4.Shader_exercise</Filter>
    </None>
    <None Include="4.1.vertex.glsl">
      <Filter>Source Files\1.intro\4.Texture\4.1.textrue</Filter>
    </None>
    <None Include="4.1.fragment.glsl">
      <Filter>Source Files\1.intro\4.Texture\4.1.textrue</Filter>
    </None>
    <None Include="5.1.vertex.glsl">
      <Filter>Source Files\1.intro\5.Matrix</Filter>
    </None>
    <None Include="5.1.fragment.glsl">
      <Filter>Source Files\1.intro\5.Matrix</Filter>
    </None>
    <None Include="6.1.fragment.glsl">
      <Filter>Source Files\1.intro\6.Coordinates</Filter>
    </None>
    <None Include="6.1.vertex.glsl">
      <Filter>Source Files\1.intro\6.Coordinates</Filter>
    </None>
    <None Include="1.1fragment.glsl">
      <Filter>Source Files\2.light\2.basiclight</Filter>
    </None>
    <None Include="1.1light_cube_f.glsl">
      <Filter>Source Files\2.light\2.basiclight</Filter>
    </None>
    <None Include="1.1light_cube_v.glsl">
      <Filter>Source Files\2.light\2.basiclight</Filter>
    </None>
    <None Include="1.1vertex.glsl">
      <Filter>Source Files\2.light\2.basiclight</Filter>
    </None>
    <None Include="2.3.fragment.glsl">
      <Filter>Source Files\2.light\3.materials</Filter>
    </None>
    <None Include="2.3.light_cube_f.glsl">
      <Filter>Source Files\2.light\3.materials</Filter>
    </None>
    <None Include="2.3.light_cube_v.glsl">
      <Filter>Source Files\2.light\3.materials</Filter>
    </None>
    <None Include="2.3.vertex.glsl">
      <Filter>Source Files\2.light\3.materials</Filter>
    </None>
    <None Include="2.4.fragment.glsl">
      <Filter>Source Files\2.light\4.lightingmap</Filter>
    </None>
    <None Include="2.4.vertex.glsl">
      <Filter>Source Files\2.light\4.lightingmap</Filter>
    </None>
    <None Include="2.4.light_cube_f.glsl">
      <Filter>Source Files\2.light\4.lightingmap</Filter>
    </None>
    <None Include="2.4.light_cube_v.glsl">
      <Filter>Source Files\2.light\4.lightingmap</Filter>
    </None>
    <None Include="2.5.fragment.glsl">
      <Filter>Source Files\2.light\5.lightcasters</Filter>
    </None>
    <None Include="2.5.light_cube_f.glsl">
      <Filter>Source Files\2.light\5.lightcasters</Filter>
    </None>
    <None Include="2.5.light_cube_v.glsl">
      <Filter>Source Files\2.light\5.lightcasters</Filter>
    </None>
    <None Include="2.5.vertex.glsl">
      <Filter>Source Files\2.light\5.lightcasters</Filter>
    </None>
    <None Include="2.6.light_cube_v.glsl">
      <Filter>Source Files\2.light\6.lights</Filter>
    </None>
    <None Include="2.6.vertex.glsl">
      <Filter>Source Files\2.light\6.lights</Filter>
    </None>
    <None Include="2.6.lightf.glsl">
      <Filter>Source Files\2.light\6.lights</Filter>
    </None>
    <None Include="2.6.light_cube_f.glsl">
      <Filter>Source Files\2.light\6.lights</Filter>
    </None>
    <None Include="f.glsl">
      <Filter>Source Files\2.light\6.lights</Filter>
    </None>
    <None Include="2.6.fs.glsl">
      <Filter>Source Files\2.light\6.lights</Filter>
    </None>
    <None Include="3.1.fs.glsl">
      <Filter>Source Files\3.model</Filter>
    </None>
    <None Include="3.1.light_cube_f.glsl">
      <Filter>Source Files\3.model</Filter>
    </None>
    <None Include="3.1.light_cube_v.glsl">
      <Filter>Source Files\3.model</Filter>
    </None>
    <None Include="3.1.lightf.glsl">
      <Filter>Source Files\3.model</Filter>
    </None>
    <None Include="3.1.vertex.glsl">
      <Filter>Source Files\3.model</Filter>
    </None>
    <None Include="4.1vs.glsl">
      <Filter>Source Files\4.advanced\4.1Depth testing</Filter>
    </None>
    <None Include="4.1fs.glsl">
      <Filter>Source Files\4.advanced\4.1Depth testing</Filter>
    </None>
    <None Include="4.2single.glsl">
      <Filter>Source Files\4.advanced\4.2Stencil testing</Filter>
    </None>
    <None Include="4.2singlevs.glsl">
      <Filter>Source Files\4.advanced\4.2Stencil testing</Filter>
    </None>
    <None Include="4.3fs.glsl">
      <Filter>Source Files\4.advanced\4.3Blending</Filter>
    </None>
    <None Include="4.3single.glsl">
      <Filter>Source Files\4.advanced\4.3Blending</Filter>
    </None>
    <None Include="4.3singlevs.glsl">
      <Filter>Source Files\4.advanced\4.3Blending</Filter>
    </None>
    <None Include="4.3vs.glsl">
      <Filter>Source Files\4.advanced\4.3Blending</Filter>
    </None>
    <None Include="4.4vs.glsl">
      <Filter>Source Files\4.advanced\4.4FaceCulling</Filter>
    </None>
    <None Include="4.4fs.glsl">
      <Filter>Source Files\4.advanced\4.4FaceCulling</Filter>
    </None>
    <None Include="4.5vs.glsl">
      <Filter>Source Files\4.advanced\4.5Framebuffers</Filter>
    </None>
    <None Include="4.5fs.glsl">
      <Filter>Source Files\4.advanced\4.5Framebuffers</Filter>
    </None>
    <None Include="4.5screenvs.glsl">
      <Filter>Source Files\4.advanced\4.5Framebuffers</Filter>
    </None>
    <None Include="4.5screenfs.glsl">
      <Filter>Source Files\4.advanced\4.5Framebuffers</Filter>
    </None>
    <None Include="4.6modelvs.glsl">
      <Filter>Source Files\4.advanced\4.6Cubemap</Filter>
    </None>
    <None Include="4.6modelfs.glsl">
      <Filter>Source Files\4.advanced\4.6Cubemap</Filter>
    </None>
    <None Include="4.6skyboxvs.glsl">
      <Filter>Source Files\4.advanced\4.6Cubemap</Filter>
    </None>
    <None Include="4.6skyboxfx.glsl">
      <Filter>Source Files\4.advanced\4.6Cubemap</Filter>
    </None>
    <None Include="4.8vs.glsl">
      <Filter>Source Files\4.advanced\4.8AdvancedGLSL</Filter>
    </None>
    <None Include="4.8fsBlue.glsl">
      <Filter>Source Files\4.advanced\4.8AdvancedGLSL</Filter>
    </None>
    <None Include="4.8fsRed.glsl">
      <Filter>Source Files\4.advanced\4.8AdvancedGLSL</Filter>
    </None>
    <None Include="4.8fsGreen.glsl">
      <Filter>Source Files\4.advanced\4.8AdvancedGLSL</Filter>
    </None>
    <None Include="4.8fsYellow.glsl">
      <Filter>Source Files\4.advanced\4.8AdvancedGLSL</Filter>
    </None>
    <None Include="4.8geofs.glsl">
      <Filter>Source Files\4.advanced\4.9Geometryshader</Filter>
    </None>
    <None Include="4.8geovs.glsl">
      <Filter>Source Files\4.advanced\4.9Geometryshader</Filter>
    </None>
    <None Include="4.8geo.glsl">
      <Filter>Source Files\4.advanced\4.9Geometryshader</Filter>
    </None>
  </ItemGroup>
  <ItemGroup>
    <Text Include="4.2fs.glsl">
      <Filter>Source Files\4.advanced\4.2Stencil testing</Filter>
    </Text>
    <Text Include="4.2vs.glsl">
      <Filter>Source Files\4.advanced\4.2Stencil testing</Filter>
    </Text>
  </ItemGroup>
</Project>